{
    "_readme": [
        "This file locks the dependencies of your project to a known state",
        "Read more about it at https://getcomposer.org/doc/01-basic-usage.md#composer-lock-the-lock-file",
        "This file is @generated automatically"
    ],
    "hash": "189dda0ebae1bf03d9edc1043ca5b8ad",
    "content-hash": "527a41d7b0c971ff0b7c259834ae00d0",
    "packages": [
        {
            "name": "atofighi/phpquery",
            "version": "2.0.1",
            "source": {
                "type": "git",
                "url": "https://github.com/ATofighi/phpQuery.git",
                "reference": "6b8c77ce7d7d1bdc8ed2381b273f22ae87233b54"
            },
            "dist": {
                "type": "zip",
                "url": "https://api.github.com/repos/ATofighi/phpQuery/zipball/6b8c77ce7d7d1bdc8ed2381b273f22ae87233b54",
                "reference": "6b8c77ce7d7d1bdc8ed2381b273f22ae87233b54",
                "shasum": ""
            },
            "type": "library",
            "autoload": {
                "classmap": [
                    "phpQuery/"
                ]
            },
            "notification-url": "https://packagist.org/downloads/",
            "license": [
                "MIT"
            ],
            "authors": [
                {
                    "name": "Tobiasz Cudnik",
                    "email": "tobiasz.cudnik@gmail.com",
                    "homepage": "https://github.com/TobiaszCudnik",
                    "role": "Developer"
                },
                {
                    "name": "didier Belot",
                    "role": "Packager"
                },
                {
                    "name": "AliReza Tofighi",
                    "role": "Developer"
                }
            ],
            "description": "phpQuery is a server-side, chainable, CSS3 selector driven Document Object Model (DOM) API based on jQuery JavaScript Library",
            "homepage": "https://github.com/ATofighi/phpQuery/",
            "time": "2015-11-10 17:41:36"
        },
        {
            "name": "projectivemotion/php-scraper-tools",
            "version": "0.1.0",
            "source": {
                "type": "git",
                "url": "https://github.com/projectivemotion/php-scraper-tools.git",
                "reference": "8df696054a1a6fc5eca2ce289f3fb3b350472405"
            },
            "dist": {
                "type": "zip",
                "url": "https://api.github.com/repos/projectivemotion/php-scraper-tools/zipball/8df696054a1a6fc5eca2ce289f3fb3b350472405",
                "reference": "8df696054a1a6fc5eca2ce289f3fb3b350472405",
                "shasum": ""
            },
            "require-dev": {
                "mikey179/vfsstream": "~1",
                "phpunit/phpunit": "5.0.*"
            },
            "type": "library",
            "autoload": {
                "psr-4": {
                    "projectivemotion\\PhpScraperTools\\": "src/"
                }
            },
            "notification-url": "https://packagist.org/downloads/",
            "license": [
                "MIT"
            ],
            "authors": [
                {
                    "name": "Amado Martinez",
                    "email": "amado@projectivemotion.com"
                }
            ],
            "description": "PHP Curl Wrapper. Written specifically for scraping purposes.",
            "time": "2016-03-15 08:15:07"
        }
    ],
    "packages-dev": [],
    "aliases": [],
    "minimum-stability": "stable",
    "stability-flags": [],
    "prefer-stable": false,
    "prefer-lowest": false,
    "platform": [],
    "platform-dev": []
}
