{
    "_readme": [
        "This file locks the dependencies of your project to a known state",
        "Read more about it at https://getcomposer.org/doc/01-basic-usage.md#composer-lock-the-lock-file",
        "This file is @generated automatically"
    ],
    "hash": "20455aa883d2ddcfc77e8c406e41a681",
    "content-hash": "846efa0e3741e44bf52c78ea0d0e6ebf",
    "packages": [
        {
            "name": "atofighi/phpquery",
            "version": "2.0.1",
            "source": {
                "type": "git",
                "url": "https://github.com/ATofighi/phpQuery.git",
                "reference": "6b8c77ce7d7d1bdc8ed2381b273f22ae87233b54"
            },
            "dist": {
                "type": "zip",
                "url": "https://api.github.com/repos/ATofighi/phpQuery/zipball/6b8c77ce7d7d1bdc8ed2381b273f22ae87233b54",
                "reference": "6b8c77ce7d7d1bdc8ed2381b273f22ae87233b54",
                "shasum": ""
            },
            "type": "library",
            "autoload": {
                "classmap": [
                    "phpQuery/"
                ]
            },
            "notification-url": "https://packagist.org/downloads/",
            "license": [
                "MIT"
            ],
            "authors": [
                {
                    "name": "Tobiasz Cudnik",
                    "email": "tobiasz.cudnik@gmail.com",
                    "homepage": "https://github.com/TobiaszCudnik",
                    "role": "Developer"
                },
                {
                    "name": "didier Belot",
                    "role": "Packager"
                },
                {
                    "name": "AliReza Tofighi",
                    "role": "Developer"
                }
            ],
            "description": "phpQuery is a server-side, chainable, CSS3 selector driven Document Object Model (DOM) API based on jQuery JavaScript Library",
            "homepage": "https://github.com/ATofighi/phpQuery/",
            "time": "2015-11-10 17:41:36"
        },
        {
            "name": "projectivemotion/PhpScraperTools",
            "version": "dev-master",
            "source": {
                "type": "git",
                "url": "https://github.com/projectivemotion/PhpScraperTools",
                "reference": "69f5aa1d65d4750c143b1dd8de44797385c653f6"
            },
            "type": "library",
            "autoload": {
                "psr-4": {
                    "projectivemotion\\": "src/"
                }
            },
            "license": [
                "MIT"
            ],
            "authors": [
                {
                    "name": "Amado Martinez",
                    "email": "amado@projectivemotion.com"
                }
            ],
            "description": "PHP Curl Wrapper. Written specifically for scraping purposes.",
            "time": "2016-02-23 09:56:38"
        }
    ],
    "packages-dev": [],
    "aliases": [],
    "minimum-stability": "stable",
    "stability-flags": {
        "projectivemotion/phpscrapertools": 20
    },
    "prefer-stable": false,
    "prefer-lowest": false,
    "platform": [],
    "platform-dev": []
}
